PATH
  remote: .
  specs:
    rack_dav (0.5.2)
      nokogiri (~> 1.5)
      puma (~> 6.0)
      rack (~> 3.0.0)
      rackup (~> 0.2.3)
      rexml (~> 3.2.4)
      webrick (~> 1.3)

GEM
  remote: https://rubygems.org/
  specs:
    diff-lcs (1.6.2)
    nio4r (2.7.5)
    nokogiri (1.19.0-aarch64-linux-gnu)
      racc (~> 1.4)
    nokogiri (1.19.0-aarch64-linux-musl)
      racc (~> 1.4)
    nokogiri (1.19.0-arm-linux-gnu)
      racc (~> 1.4)
    nokogiri (1.19.0-arm-linux-musl)
      racc (~> 1.4)
    nokogiri (1.19.0-arm64-darwin)
      racc (~> 1.4)
    nokogiri (1.19.0-x86_64-darwin)
      racc (~> 1.4)
    nokogiri (1.19.0-x86_64-linux-gnu)
      racc (~> 1.4)
    nokogiri (1.19.0-x86_64-linux-musl)
      racc (~> 1.4)
    puma (6.6.1)
      nio4r (~> 2.0)
    racc (1.8.1)
    rack (3.0.18)
    rackup (0.2.3)
      rack (>= 3.0.0.beta1)
      webrick
    rake (13.3.1)
    rexml (3.2.9)
      strscan
    rspec (3.4.0)
      rspec-core (~> 3.4.0)
      rspec-expectations (~> 3.4.0)
      rspec-mocks (~> 3.4.0)
    rspec-core (3.4.4)
      rspec-support (~> 3.4.0)
    rspec-expectations (3.4.0)
      diff-lcs (>= 1.2.0, < 2.0)
      rspec-support (~> 3.4.0)
    rspec-mocks (3.4.1)
      diff-lcs (>= 1.2.0, < 2.0)
      rspec-support (~> 3.4.0)
    rspec-support (3.4.1)
    strscan (3.1.6)
    webrick (1.9.2)

PLATFORMS
  aarch64-linux-gnu
  aarch64-linux-musl
  arm-linux-gnu
  arm-linux-musl
  arm64-darwin
  x86_64-darwin
  x86_64-linux-gnu
  x86_64-linux-musl

DEPENDENCIES
  rack_dav!
  rake (~> 13.0)
  rspec (~> 3.4.0)

CHECKSUMS
  diff-lcs (1.6.2) sha256=9ae0d2cba7d4df3075fe8cd8602a8604993efc0dfa934cff568969efb1909962
  nio4r (2.7.5) sha256=6c90168e48fb5f8e768419c93abb94ba2b892a1d0602cb06eef16d8b7df1dca1
  nokogiri (1.19.0-aarch64-linux-gnu) sha256=11a97ecc3c0e7e5edcf395720b10860ef493b768f6aa80c539573530bc933767
  nokogiri (1.19.0-aarch64-linux-musl) sha256=eb70507f5e01bc23dad9b8dbec2b36ad0e61d227b42d292835020ff754fb7ba9
  nokogiri (1.19.0-arm-linux-gnu) sha256=572a259026b2c8b7c161fdb6469fa2d0edd2b61cd599db4bbda93289abefbfe5
  nokogiri (1.19.0-arm-linux-musl) sha256=23ed90922f1a38aed555d3de4d058e90850c731c5b756d191b3dc8055948e73c
  nokogiri (1.19.0-arm64-darwin) sha256=0811dfd936d5f6dd3f6d32ef790568bf29b2b7bead9ba68866847b33c9cf5810
  nokogiri (1.19.0-x86_64-darwin) sha256=1dad56220b603a8edb9750cd95798bffa2b8dd9dd9aa47f664009ee5b43e3067
  nokogiri (1.19.0-x86_64-linux-gnu) sha256=f482b95c713d60031d48c44ce14562f8d2ce31e3a9e8dd0ccb131e9e5a68b58c
  nokogiri (1.19.0-x86_64-linux-musl) sha256=1c4ca6b381622420073ce6043443af1d321e8ed93cc18b08e2666e5bd02ffae4
  puma (6.6.1) sha256=b9b56e4a4ea75d1bfa6d9e1972ee2c9f43d0883f011826d914e8e37b3694ea1e
  racc (1.8.1) sha256=4a7f6929691dbec8b5209a0b373bc2614882b55fc5d2e447a21aaa691303d62f
  rack (3.0.18) sha256=8ef7fc1505b1077a149a39062bca0346f3c34e6cbdfe82d517733f9d9c40c877
  rack_dav (0.5.2)
  rackup (0.2.3) sha256=284044c0300697cee56e98d8a6e2a83ff6db8aabf1ba62a9cd37ea3fb51872f8
  rake (13.3.1) sha256=8c9e89d09f66a26a01264e7e3480ec0607f0c497a861ef16063604b1b08eb19c
  rexml (3.2.9) sha256=a58fe5a92987d1f82ad29fc3822bd2dab73ece2fabca37f3b2b2a9d82358fd1e
  rspec (3.4.0) sha256=1a1d69ef92aaa50f80aba930880886a19a51cda9be5350866fa00a69c5875d89
  rspec-core (3.4.4) sha256=d7258c6bc285052e816d86f5b86cce58ec6fbdddb8aae981d80060d587af5ffc
  rspec-expectations (3.4.0) sha256=104d47103204190d02b156cf38a5cd3228d50055bd3fe5ef3fe871fac029ff1e
  rspec-mocks (3.4.1) sha256=791fcb422d94d6aabfc25addb752aab36bed04a8ee9184e5867c9956b08c686a
  rspec-support (3.4.1) sha256=79c6b90e1828e15d2640a66e58913a4f62c8a3969aeb6e39bbc342211cfddf50
  strscan (3.1.6) sha256=ebd56df0b0468b00a1f2004b4078c34df58c3506b2bba939e7531892aece81f3
  webrick (1.9.2) sha256=beb4a15fc474defed24a3bda4ffd88a490d517c9e4e6118c3edce59e45864131

BUNDLED WITH
  4.0.3
